// !$*UTF8*$!
{
	archiveVersion = 1;
	classes = {
	};
	objectVersion = 55;
	objects = {

/* Begin PBXBuildFile section */
		3460AC8628645388004E0179 /* Friends_QuizApp.swift in Sources */ = {isa = PBXBuildFile; fileRef = 3460AC8528645388004E0179 /* Friends_QuizApp.swift */; };
		3460AC8828645388004E0179 /* GameView.swift in Sources */ = {isa = PBXBuildFile; fileRef = 3460AC8728645388004E0179 /* GameView.swift */; };
		3460AC8A2864538A004E0179 /* Assets.xcassets in Resources */ = {isa = PBXBuildFile; fileRef = 3460AC892864538A004E0179 /* Assets.xcassets */; };
		3460AC8D2864538A004E0179 /* Preview Assets.xcassets in Resources */ = {isa = PBXBuildFile; fileRef = 3460AC8C2864538A004E0179 /* Preview Assets.xcassets */; };
		3460AC9D28647A05004E0179 /* FriendsFont.swift in Sources */ = {isa = PBXBuildFile; fileRef = 3460AC9C28647A05004E0179 /* FriendsFont.swift */; };
		3460AC9F28647D21004E0179 /* GABRWFFR.ttf in Resources */ = {isa = PBXBuildFile; fileRef = 3460AC9E28647D21004E0179 /* GABRWFFR.ttf */; };
		3460ACA22864C284004E0179 /* QuizView.swift in Sources */ = {isa = PBXBuildFile; fileRef = 3460ACA12864C284004E0179 /* QuizView.swift */; };
		3460ACA42864D4E0004E0179 /* AnswerView.swift in Sources */ = {isa = PBXBuildFile; fileRef = 3460ACA32864D4E0004E0179 /* AnswerView.swift */; };
		3460ACA72864DA30004E0179 /* Question.swift in Sources */ = {isa = PBXBuildFile; fileRef = 3460ACA62864DA30004E0179 /* Question.swift */; };
		3460ACA928661A4B004E0179 /* BottomTextView.swift in Sources */ = {isa = PBXBuildFile; fileRef = 3460ACA828661A4B004E0179 /* BottomTextView.swift */; };
		3460ACAB2867188E004E0179 /* Game.swift in Sources */ = {isa = PBXBuildFile; fileRef = 3460ACAA2867188E004E0179 /* Game.swift */; };
		3460ACAE28671BEE004E0179 /* GamevIewModel.swift in Sources */ = {isa = PBXBuildFile; fileRef = 3460ACAD28671BEE004E0179 /* GamevIewModel.swift */; };
/* End PBXBuildFile section */

/* Begin PBXFileReference section */
		3460AC8228645388004E0179 /* Friends Quiz.app */ = {isa = PBXFileReference; explicitFileType = wrapper.application; includeInIndex = 0; path = "Friends Quiz.app"; sourceTree = BUILT_PRODUCTS_DIR; };
		3460AC8528645388004E0179 /* Friends_QuizApp.swift */ = {isa = PBXFileReference; lastKnownFileType = sourcecode.swift; path = Friends_QuizApp.swift; sourceTree = "<group>"; };
		3460AC8728645388004E0179 /* GameView.swift */ = {isa = PBXFileReference; lastKnownFileType = sourcecode.swift; path = GameView.swift; sourceTree = "<group>"; };
		3460AC892864538A004E0179 /* Assets.xcassets */ = {isa = PBXFileReference; lastKnownFileType = folder.assetcatalog; path = Assets.xcassets; sourceTree = "<group>"; };
		3460AC8C2864538A004E0179 /* Preview Assets.xcassets */ = {isa = PBXFileReference; lastKnownFileType = folder.assetcatalog; path = "Preview Assets.xcassets"; sourceTree = "<group>"; };
		3460AC93286455B7004E0179 /* README.md */ = {isa = PBXFileReference; lastKnownFileType = net.daringfireball.markdown; path = README.md; sourceTree = "<group>"; };
		3460AC9728646D6F004E0179 /* Friends-Quiz-Info.plist */ = {isa = PBXFileReference; lastKnownFileType = text.plist; path = "Friends-Quiz-Info.plist"; sourceTree = SOURCE_ROOT; };
		3460AC9C28647A05004E0179 /* FriendsFont.swift */ = {isa = PBXFileReference; lastKnownFileType = sourcecode.swift; path = FriendsFont.swift; sourceTree = "<group>"; };
		3460AC9E28647D21004E0179 /* GABRWFFR.ttf */ = {isa = PBXFileReference; lastKnownFileType = file; path = GABRWFFR.ttf; sourceTree = "<group>"; };
		3460ACA12864C284004E0179 /* QuizView.swift */ = {isa = PBXFileReference; lastKnownFileType = sourcecode.swift; path = QuizView.swift; sourceTree = "<group>"; };
		3460ACA32864D4E0004E0179 /* AnswerView.swift */ = {isa = PBXFileReference; lastKnownFileType = sourcecode.swift; path = AnswerView.swift; sourceTree = "<group>"; };
		3460ACA62864DA30004E0179 /* Question.swift */ = {isa = PBXFileReference; lastKnownFileType = sourcecode.swift; path = Question.swift; sourceTree = "<group>"; };
		3460ACA828661A4B004E0179 /* BottomTextView.swift */ = {isa = PBXFileReference; lastKnownFileType = sourcecode.swift; path = BottomTextView.swift; sourceTree = "<group>"; };
		3460ACAA2867188E004E0179 /* Game.swift */ = {isa = PBXFileReference; lastKnownFileType = sourcecode.swift; path = Game.swift; sourceTree = "<group>"; };
		3460ACAD28671BEE004E0179 /* GamevIewModel.swift */ = {isa = PBXFileReference; lastKnownFileType = sourcecode.swift; path = GamevIewModel.swift; sourceTree = "<group>"; };
/* End PBXFileReference section */

/* Begin PBXFrameworksBuildPhase section */
		3460AC7F28645388004E0179 /* Frameworks */ = {
			isa = PBXFrameworksBuildPhase;
			buildActionMask = 2147483647;
			files = (
			);
			runOnlyForDeploymentPostprocessing = 0;
		};
/* End PBXFrameworksBuildPhase section */

/* Begin PBXGroup section */
		3460AC7928645388004E0179 = {
			isa = PBXGroup;
			children = (
				3460AC93286455B7004E0179 /* README.md */,
				3460AC8428645388004E0179 /* Friends Quiz */,
				3460AC8328645388004E0179 /* Products */,
			);
			sourceTree = "<group>";
		};
		3460AC8328645388004E0179 /* Products */ = {
			isa = PBXGroup;
			children = (
				3460AC8228645388004E0179 /* Friends Quiz.app */,
			);
			name = Products;
			sourceTree = "<group>";
		};
		3460AC8428645388004E0179 /* Friends Quiz */ = {
			isa = PBXGroup;
			children = (
				3460AC9728646D6F004E0179 /* Friends-Quiz-Info.plist */,
				3460AC94286468EF004E0179 /* Fonts */,
				3460AC8528645388004E0179 /* Friends_QuizApp.swift */,
				3460ACA02864C264004E0179 /* Views */,
				3460ACAC28671BBD004E0179 /* ViewModels */,
				3460ACA52864D903004E0179 /* Models */,
				3460AC892864538A004E0179 /* Assets.xcassets */,
				3460AC8B2864538A004E0179 /* Preview Content */,
			);
			path = "Friends Quiz";
			sourceTree = "<group>";
		};
		3460AC8B2864538A004E0179 /* Preview Content */ = {
			isa = PBXGroup;
			children = (
				3460AC8C2864538A004E0179 /* Preview Assets.xcassets */,
			);
			path = "Preview Content";
			sourceTree = "<group>";
		};
		3460AC94286468EF004E0179 /* Fonts */ = {
			isa = PBXGroup;
			children = (
				3460AC9E28647D21004E0179 /* GABRWFFR.ttf */,
				3460AC9C28647A05004E0179 /* FriendsFont.swift */,
			);
			path = Fonts;
			sourceTree = "<group>";
		};
		3460ACA02864C264004E0179 /* Views */ = {
			isa = PBXGroup;
			children = (
				3460AC8728645388004E0179 /* GameView.swift */,
				3460ACA12864C284004E0179 /* QuizView.swift */,
				3460ACA32864D4E0004E0179 /* AnswerView.swift */,
				3460ACA828661A4B004E0179 /* BottomTextView.swift */,
			);
			path = Views;
			sourceTree = "<group>";
		};
		3460ACA52864D903004E0179 /* Models */ = {
			isa = PBXGroup;
			children = (
				3460ACA62864DA30004E0179 /* Question.swift */,
				3460ACAA2867188E004E0179 /* Game.swift */,
			);
			path = Models;
			sourceTree = "<group>";
		};
		3460ACAC28671BBD004E0179 /* ViewModels */ = {
			isa = PBXGroup;
			children = (
				3460ACAD28671BEE004E0179 /* GamevIewModel.swift */,
			);
			path = ViewModels;
			sourceTree = "<group>";
		};
/* End PBXGroup section */

/* Begin PBXNativeTarget section */
		3460AC8128645388004E0179 /* Friends Quiz */ = {
			isa = PBXNativeTarget;
			buildConfigurationList = 3460AC902864538A004E0179 /* Build configuration list for PBXNativeTarget "Friends Quiz" */;
			buildPhases = (
				3460AC7E28645388004E0179 /* Sources */,
				3460AC7F28645388004E0179 /* Frameworks */,
				3460AC8028645388004E0179 /* Resources */,
			);
			buildRules = (
			);
			dependencies = (
			);
			name = "Friends Quiz";
			productName = "Friends Quiz";
			productReference = 3460AC8228645388004E0179 /* Friends Quiz.app */;
			productType = "com.apple.product-type.application";
		};
/* End PBXNativeTarget section */

/* Begin PBXProject section */
		3460AC7A28645388004E0179 /* Project object */ = {
			isa = PBXProject;
			attributes = {
				BuildIndependentTargetsInParallel = 1;
				LastSwiftUpdateCheck = 1320;
				LastUpgradeCheck = 1320;
				TargetAttributes = {
					3460AC8128645388004E0179 = {
						CreatedOnToolsVersion = 13.2.1;
					};
				};
			};
			buildConfigurationList = 3460AC7D28645388004E0179 /* Build configuration list for PBXProject "Friends Quiz" */;
			compatibilityVersion = "Xcode 13.0";
			developmentRegion = en;
			hasScannedForEncodings = 0;
			knownRegions = (
				en,
				Base,
			);
			mainGroup = 3460AC7928645388004E0179;
			productRefGroup = 3460AC8328645388004E0179 /* Products */;
			projectDirPath = "";
			projectRoot = "";
			targets = (
				3460AC8128645388004E0179 /* Friends Quiz */,
			);
		};
/* End PBXProject section */

/* Begin PBXResourcesBuildPhase section */
		3460AC8028645388004E0179 /* Resources */ = {
			isa = PBXResourcesBuildPhase;
			buildActionMask = 2147483647;
			files = (
				3460AC8D2864538A004E0179 /* Preview Assets.xcassets in Resources */,
				3460AC8A2864538A004E0179 /* Assets.xcassets in Resources */,
				3460AC9F28647D21004E0179 /* GABRWFFR.ttf in Resources */,
			);
			runOnlyForDeploymentPostprocessing = 0;
		};
/* End PBXResourcesBuildPhase section */

/* Begin PBXSourcesBuildPhase section */
		3460AC7E28645388004E0179 /* Sources */ = {
			isa = PBXSourcesBuildPhase;
			buildActionMask = 2147483647;
			files = (
				3460AC8828645388004E0179 /* GameView.swift in Sources */,
				3460ACAE28671BEE004E0179 /* GamevIewModel.swift in Sources */,
				3460ACA22864C284004E0179 /* QuizView.swift in Sources */,
				3460ACA42864D4E0004E0179 /* AnswerView.swift in Sources */,
				3460ACA72864DA30004E0179 /* Question.swift in Sources */,
				3460AC9D28647A05004E0179 /* FriendsFont.swift in Sources */,
				3460ACA928661A4B004E0179 /* BottomTextView.swift in Sources */,
				3460AC8628645388004E0179 /* Friends_QuizApp.swift in Sources */,
				3460ACAB2867188E004E0179 /* Game.swift in Sources */,
			);
			runOnlyForDeploymentPostprocessing = 0;
		};
/* End PBXSourcesBuildPhase section */

/* Begin XCBuildConfiguration section */
		3460AC8E2864538A004E0179 /* Debug */ = {
			isa = XCBuildConfiguration;
			buildSettings = {
				ALWAYS_SEARCH_USER_PATHS = NO;
				CLANG_ANALYZER_NONNULL = YES;
				CLANG_ANALYZER_NUMBER_OBJECT_CONVERSION = YES_AGGRESSIVE;
				CLANG_CXX_LANGUAGE_STANDARD = "gnu++17";
				CLANG_CXX_LIBRARY = "libc++";
				CLANG_ENABLE_MODULES = YES;
				CLANG_ENABLE_OBJC_ARC = YES;
				CLANG_ENABLE_OBJC_WEAK = YES;
				CLANG_WARN_BLOCK_CAPTURE_AUTORELEASING = YES;
				CLANG_WARN_BOOL_CONVERSION = YES;
				CLANG_WARN_COMMA = YES;
				CLANG_WARN_CONSTANT_CONVERSION = YES;
				CLANG_WARN_DEPRECATED_OBJC_IMPLEMENTATIONS = YES;
				CLANG_WARN_DIRECT_OBJC_ISA_USAGE = YES_ERROR;
				CLANG_WARN_DOCUMENTATION_COMMENTS = YES;
				CLANG_WARN_EMPTY_BODY = YES;
				CLANG_WARN_ENUM_CONVERSION = YES;
				CLANG_WARN_INFINITE_RECURSION = YES;
				CLANG_WARN_INT_CONVERSION = YES;
				CLANG_WARN_NON_LITERAL_NULL_CONVERSION = YES;
				CLANG_WARN_OBJC_IMPLICIT_RETAIN_SELF = YES;
				CLANG_WARN_OBJC_LITERAL_CONVERSION = YES;
				CLANG_WARN_OBJC_ROOT_CLASS = YES_ERROR;
				CLANG_WARN_QUOTED_INCLUDE_IN_FRAMEWORK_HEADER = YES;
				CLANG_WARN_RANGE_LOOP_ANALYSIS = YES;
				CLANG_WARN_STRICT_PROTOTYPES = YES;
				CLANG_WARN_SUSPICIOUS_MOVE = YES;
				CLANG_WARN_UNGUARDED_AVAILABILITY = YES_AGGRESSIVE;
				CLANG_WARN_UNREACHABLE_CODE = YES;
				CLANG_WARN__DUPLICATE_METHOD_MATCH = YES;
				COPY_PHASE_STRIP = NO;
				DEBUG_INFORMATION_FORMAT = dwarf;
				ENABLE_STRICT_OBJC_MSGSEND = YES;
				ENABLE_TESTABILITY = YES;
				GCC_C_LANGUAGE_STANDARD = gnu11;
				GCC_DYNAMIC_NO_PIC = NO;
				GCC_NO_COMMON_BLOCKS = YES;
				GCC_OPTIMIZATION_LEVEL = 0;
				GCC_PREPROCESSOR_DEFINITIONS = (
					"DEBUG=1",
					"$(inherited)",
				);
				GCC_WARN_64_TO_32_BIT_CONVERSION = YES;
				GCC_WARN_ABOUT_RETURN_TYPE = YES_ERROR;
				GCC_WARN_UNDECLARED_SELECTOR = YES;
				GCC_WARN_UNINITIALIZED_AUTOS = YES_AGGRESSIVE;
				GCC_WARN_UNUSED_FUNCTION = YES;
				GCC_WARN_UNUSED_VARIABLE = YES;
				IPHONEOS_DEPLOYMENT_TARGET = 15.2;
				MTL_ENABLE_DEBUG_INFO = INCLUDE_SOURCE;
				MTL_FAST_MATH = YES;
				ONLY_ACTIVE_ARCH = YES;
				SDKROOT = iphoneos;
				SWIFT_ACTIVE_COMPILATION_CONDITIONS = DEBUG;
				SWIFT_OPTIMIZATION_LEVEL = "-Onone";
			};
			name = Debug;
		};
		3460AC8F2864538A004E0179 /* Release */ = {
			isa = XCBuildConfiguration;
			buildSettings = {
				ALWAYS_SEARCH_USER_PATHS = NO;
				CLANG_ANALYZER_NONNULL = YES;
				CLANG_ANALYZER_NUMBER_OBJECT_CONVERSION = YES_AGGRESSIVE;
				CLANG_CXX_LANGUAGE_STANDARD = "gnu++17";
				CLANG_CXX_LIBRARY = "libc++";
				CLANG_ENABLE_MODULES = YES;
				CLANG_ENABLE_OBJC_ARC = YES;
				CLANG_ENABLE_OBJC_WEAK = YES;
				CLANG_WARN_BLOCK_CAPTURE_AUTORELEASING = YES;
				CLANG_WARN_BOOL_CONVERSION = YES;
				CLANG_WARN_COMMA = YES;
				CLANG_WARN_CONSTANT_CONVERSION = YES;
				CLANG_WARN_DEPRECATED_OBJC_IMPLEMENTATIONS = YES;
				CLANG_WARN_DIRECT_OBJC_ISA_USAGE = YES_ERROR;
				CLANG_WARN_DOCUMENTATION_COMMENTS = YES;
				CLANG_WARN_EMPTY_BODY = YES;
				CLANG_WARN_ENUM_CONVERSION = YES;
				CLANG_WARN_INFINITE_RECURSION = YES;
				CLANG_WARN_INT_CONVERSION = YES;
				CLANG_WARN_NON_LITERAL_NULL_CONVERSION = YES;
				CLANG_WARN_OBJC_IMPLICIT_RETAIN_SELF = YES;
				CLANG_WARN_OBJC_LITERAL_CONVERSION = YES;
				CLANG_WARN_OBJC_ROOT_CLASS = YES_ERROR;
				CLANG_WARN_QUOTED_INCLUDE_IN_FRAMEWORK_HEADER = YES;
				CLANG_WARN_RANGE_LOOP_ANALYSIS = YES;
				CLANG_WARN_STRICT_PROTOTYPES = YES;
				CLANG_WARN_SUSPICIOUS_MOVE = YES;
				CLANG_WARN_UNGUARDED_AVAILABILITY = YES_AGGRESSIVE;
				CLANG_WARN_UNREACHABLE_CODE = YES;
				CLANG_WARN__DUPLICATE_METHOD_MATCH = YES;
				COPY_PHASE_STRIP = NO;
				DEBUG_INFORMATION_FORMAT = "dwarf-with-dsym";
				ENABLE_NS_ASSERTIONS = NO;
				ENABLE_STRICT_OBJC_MSGSEND = YES;
				GCC_C_LANGUAGE_STANDARD = gnu11;
				GCC_NO_COMMON_BLOCKS = YES;
				GCC_WARN_64_TO_32_BIT_CONVERSION = YES;
				GCC_WARN_ABOUT_RETURN_TYPE = YES_ERROR;
				GCC_WARN_UNDECLARED_SELECTOR = YES;
				GCC_WARN_UNINITIALIZED_AUTOS = YES_AGGRESSIVE;
				GCC_WARN_UNUSED_FUNCTION = YES;
				GCC_WARN_UNUSED_VARIABLE = YES;
				IPHONEOS_DEPLOYMENT_TARGET = 15.2;
				MTL_ENABLE_DEBUG_INFO = NO;
				MTL_FAST_MATH = YES;
				SDKROOT = iphoneos;
				SWIFT_COMPILATION_MODE = wholemodule;
				SWIFT_OPTIMIZATION_LEVEL = "-O";
				VALIDATE_PRODUCT = YES;
			};
			name = Release;
		};
		3460AC912864538A004E0179 /* Debug */ = {
			isa = XCBuildConfiguration;
			buildSettings = {
				ASSETCATALOG_COMPILER_APPICON_NAME = AppIcon;
				ASSETCATALOG_COMPILER_GLOBAL_ACCENT_COLOR_NAME = AccentColor;
				CODE_SIGN_STYLE = Automatic;
				CURRENT_PROJECT_VERSION = 1;
				DEVELOPMENT_ASSET_PATHS = "\"Friends Quiz/Preview Content\"";
				DEVELOPMENT_TEAM = 6478Y3WC5Q;
				ENABLE_PREVIEWS = YES;
				GENERATE_INFOPLIST_FILE = YES;
				INFOPLIST_FILE = "Friends-Quiz-Info.plist";
				INFOPLIST_KEY_UIApplicationSceneManifest_Generation = YES;
				INFOPLIST_KEY_UIApplicationSupportsIndirectInputEvents = YES;
				INFOPLIST_KEY_UILaunchScreen_Generation = YES;
				INFOPLIST_KEY_UISupportedInterfaceOrientations_iPad = "UIInterfaceOrientationPortrait UIInterfaceOrientationPortraitUpsideDown UIInterfaceOrientationLandscapeLeft UIInterfaceOrientationLandscapeRight";
				INFOPLIST_KEY_UISupportedInterfaceOrientations_iPhone = "UIInterfaceOrientationPortrait UIInterfaceOrientationLandscapeLeft UIInterfaceOrientationLandscapeRight";
				LD_RUNPATH_SEARCH_PATHS = (
					"$(inherited)",
					"@executable_path/Frameworks",
				);
				MARKETING_VERSION = 1.0;
				PRODUCT_BUNDLE_IDENTIFIER = "com.matthewlock.Friends-Quiz";
				PRODUCT_NAME = "$(TARGET_NAME)";
				SWIFT_EMIT_LOC_STRINGS = YES;
				SWIFT_VERSION = 5.0;
				TARGETED_DEVICE_FAMILY = "1,2";
			};
			name = Debug;
		};
		3460AC922864538A004E0179 /* Release */ = {
			isa = XCBuildConfiguration;
			buildSettings = {
				ASSETCATALOG_COMPILER_APPICON_NAME = AppIcon;
				ASSETCATALOG_COMPILER_GLOBAL_ACCENT_COLOR_NAME = AccentColor;
				CODE_SIGN_STYLE = Automatic;
				CURRENT_PROJECT_VERSION = 1;
				DEVELOPMENT_ASSET_PATHS = "\"Friends Quiz/Preview Content\"";
				DEVELOPMENT_TEAM = 6478Y3WC5Q;
				ENABLE_PREVIEWS = YES;
				GENERATE_INFOPLIST_FILE = YES;
				INFOPLIST_FILE = "Friends-Quiz-Info.plist";
				INFOPLIST_KEY_UIApplicationSceneManifest_Generation = YES;
				INFOPLIST_KEY_UIApplicationSupportsIndirectInputEvents = YES;
				INFOPLIST_KEY_UILaunchScreen_Generation = YES;
				INFOPLIST_KEY_UISupportedInterfaceOrientations_iPad = "UIInterfaceOrientationPortrait UIInterfaceOrientationPortraitUpsideDown UIInterfaceOrientationLandscapeLeft UIInterfaceOrientationLandscapeRight";
				INFOPLIST_KEY_UISupportedInterfaceOrientations_iPhone = "UIInterfaceOrientationPortrait UIInterfaceOrientationLandscapeLeft UIInterfaceOrientationLandscapeRight";
				LD_RUNPATH_SEARCH_PATHS = (
					"$(inherited)",
					"@executable_path/Frameworks",
				);
				MARKETING_VERSION = 1.0;
				PRODUCT_BUNDLE_IDENTIFIER = "com.matthewlock.Friends-Quiz";
				PRODUCT_NAME = "$(TARGET_NAME)";
				SWIFT_EMIT_LOC_STRINGS = YES;
				SWIFT_VERSION = 5.0;
				TARGETED_DEVICE_FAMILY = "1,2";
			};
			name = Release;
		};
/* End XCBuildConfiguration section */

/* Begin XCConfigurationList section */
		3460AC7D28645388004E0179 /* Build configuration list for PBXProject "Friends Quiz" */ = {
			isa = XCConfigurationList;
			buildConfigurations = (
				3460AC8E2864538A004E0179 /* Debug */,
				3460AC8F2864538A004E0179 /* Release */,
			);
			defaultConfigurationIsVisible = 0;
			defaultConfigurationName = Release;
		};
		3460AC902864538A004E0179 /* Build configuration list for PBXNativeTarget "Friends Quiz" */ = {
			isa = XCConfigurationList;
			buildConfigurations = (
				3460AC912864538A004E0179 /* Debug */,
				3460AC922864538A004E0179 /* Release */,
			);
			defaultConfigurationIsVisible = 0;
			defaultConfigurationName = Release;
		};
/* End XCConfigurationList section */
	};
	rootObject = 3460AC7A28645388004E0179 /* Project object */;
}
